<?xml version="1.0" encoding="utf-8"?>
<Project ToolsVersion="4.0" xmlns="http://schemas.microsoft.com/developer/msbuild/2003">
  <ItemGroup>
    <Filter Include="リソース ファイル">
      <UniqueIdentifier>{67DA6AB6-F800-4c08-8B7A-83BB121AAD01}</UniqueIdentifier>
      <Extensions>rc;ico;cur;bmp;dlg;rc2;rct;bin;rgs;gif;jpg;jpeg;jpe;resx;tiff;tif;png;wav;mfcribbon-ms</Extensions>
    </Filter>
    <Filter Include="etc">
      <UniqueIdentifier>{38f1b410-dd20-4c83-b11a-f4e7a5615f4f}</UniqueIdentifier>
    </Filter>
    <Filter Include="agent">
      <UniqueIdentifier>{5d7ec4d5-5edc-4c0f-9eee-4e57f4690577}</UniqueIdentifier>
    </Filter>
    <Filter Include="ie">
      <UniqueIdentifier>{649fe110-f9c9-4851-b293-4fab90cd501d}</UniqueIdentifier>
    </Filter>
    <Filter Include="lib">
      <UniqueIdentifier>{28070538-83ad-4bc8-9c9e-ae87290e8d6f}</UniqueIdentifier>
    </Filter>
  </ItemGroup>
  <ItemGroup>
    <ClInclude Include="stdafx.h">
      <Filter>etc</Filter>
    </ClInclude>
    <ClInclude Include="targetver.h">
      <Filter>etc</Filter>
    </ClInclude>
    <ClInclude Include="iehostwindow.h">
      <Filter>ie</Filter>
    </ClInclude>
    <ClInclude Include="interfaces.h">
      <Filter>etc</Filter>
    </ClInclude>
    <ClInclude Include="shiori_agent.h">
      <Filter>agent</Filter>
    </ClInclude>
    <ClInclude Include="messages.h">
      <Filter>etc</Filter>
    </ClInclude>
    <ClInclude Include="stdmethod.h">
      <Filter>etc</Filter>
    </ClInclude>
    <ClInclude Include="fileio.h">
      <Filter>lib</Filter>
    </ClInclude>
    <ClInclude Include="import.h">
      <Filter>etc</Filter>
    </ClInclude>
  </ItemGroup>
  <ItemGroup>
    <ClCompile Include="stdafx.cpp">
      <Filter>etc</Filter>
    </ClCompile>
    <ClCompile Include="iehostwindow.cpp">
      <Filter>ie</Filter>
    </ClCompile>
    <ClCompile Include="shiori_agent.cpp">
      <Filter>agent</Filter>
    </ClCompile>
    <ClCompile Include="fileio.cpp">
      <Filter>lib</Filter>
    </ClCompile>
    <ClCompile Include="ie_init.cpp">
      <Filter>ie</Filter>
    </ClCompile>
    <ClCompile Include="ie_regkey.cpp">
      <Filter>ie</Filter>
    </ClCompile>
  </ItemGroup>
  <ItemGroup>
    <None Include="index.html" />
  </ItemGroup>
</Project>